
Microsoft Visual Studio Solution File, Format Version 12.00
# Visual Studio Version 17
VisualStudioVersion = 17.8.34330.188
MinimumVisualStudioVersion = 10.0.40219.1
Project("{FAE04EC0-301F-11D3-BF4B-00C04F79EFBC}") = "JwtApp", "JwtApp.csproj", "{1850D6B0-21CF-49F4-B926-BE7E8531E0FF}"
EndProject
Global
	GlobalSection(SolutionConfigurationPlatforms) = preSolution
		Debug|Any CPU = Debug|Any CPU
		Release|Any CPU = Release|Any CPU
	EndGlobalSection
	GlobalSection(ProjectConfigurationPlatforms) = postSolution
		{1850D6B0-21CF-49F4-B926-BE7E8531E0FF}.Debug|Any CPU.ActiveCfg = Debug|Any CPU
		{1850D6B0-21CF-49F4-B926-BE7E8531E0FF}.Debug|Any CPU.Build.0 = Debug|Any CPU
		{1850D6B0-21CF-49F4-B926-BE7E8531E0FF}.Release|Any CPU.ActiveCfg = Release|Any CPU
		{1850D6B0-21CF-49F4-B926-BE7E8531E0FF}.Release|Any CPU.Build.0 = Release|Any CPU
	EndGlobalSection
	GlobalSection(SolutionProperties) = preSolution
		HideSolutionNode = FALSE
	EndGlobalSection
	GlobalSection(ExtensibilityGlobals) = postSolution
		SolutionGuid = {31156922-26DA-41E3-B2DB-C19CC98898B6}
	EndGlobalSection
EndGlobal
